%{"bbmustache": {:hex, :bbmustache, "1.0.4", "7ba94f971c5afd7b6617918a4bb74705e36cab36eb84b19b6a1b7ee06427aa38", [:rebar], []},
  "certifi": {:hex, :certifi, "0.4.0", "a7966efb868b179023618d29a407548f70c52466bf1849b9e8ebd0e34b7ea11f", [:rebar3], []},
  "cf": {:hex, :cf, "0.2.1", "69d0b1349fd4d7d4dc55b7f407d29d7a840bf9a1ef5af529f1ebe0ce153fc2ab", [:rebar3], []},
  "cowboy": {:hex, :cowboy, "1.0.4", "a324a8df9f2316c833a470d918aaf73ae894278b8aa6226ce7a9bf699388f878", [:rebar, :make], [{:cowlib, "~> 1.0.0", [hex: :cowlib, optional: false]}, {:ranch, "~> 1.0", [hex: :ranch, optional: false]}]},
  "cowlib": {:hex, :cowlib, "1.0.2", "9d769a1d062c9c3ac753096f868ca121e2730b9a377de23dec0f7e08b1df84ee", [:make], []},
  "elixir_ale": {:hex, :elixir_ale, "0.5.6", "a94c89a17ec39ad4c4a9a90d4f00bd9f33b2f2e98703317fbdf5efceab276b44", [:mix, :make], [{:elixir_make, "~> 0.3", [hex: :elixir_make, optional: false]}]},
  "elixir_make": {:hex, :elixir_make, "0.3.0", "285147fa943806eee82f6680b7b446b5569bcf3ee8328fa0a7c200ffc44fbaba", [:mix], []},
  "erlware_commons": {:hex, :erlware_commons, "0.21.0", "a04433071ad7d112edefc75ac77719dd3e6753e697ac09428fc83d7564b80b15", [:rebar3], [{:cf, "0.2.1", [hex: :cf, optional: false]}]},
  "exrm": {:hex, :exrm, "1.0.8", "5aa8990cdfe300282828b02cefdc339e235f7916388ce99f9a1f926a9271a45d", [:mix], [{:relx, "~> 3.5", [hex: :relx, optional: false]}]},
  "fs": {:hex, :fs, "0.9.2", "ed17036c26c3f70ac49781ed9220a50c36775c6ca2cf8182d123b6566e49ec59", [:rebar], []},
  "getopt": {:hex, :getopt, "0.8.2", "b17556db683000ba50370b16c0619df1337e7af7ecbf7d64fbf8d1d6bce3109b", [:rebar], []},
  "gettext": {:hex, :gettext, "0.11.0", "80c1dd42d270482418fa158ec5ba073d2980e3718bacad86f3d4ad71d5667679", [:mix], []},
  "hackney": {:hex, :hackney, "1.6.1", "ddd22d42db2b50e6a155439c8811b8f6df61a4395de10509714ad2751c6da817", [:rebar3], [{:certifi, "0.4.0", [hex: :certifi, optional: false]}, {:idna, "1.2.0", [hex: :idna, optional: false]}, {:metrics, "1.0.1", [hex: :metrics, optional: false]}, {:mimerl, "1.0.2", [hex: :mimerl, optional: false]}, {:ssl_verify_fun, "1.1.0", [hex: :ssl_verify_fun, optional: false]}]},
  "httpoison": {:hex, :httpoison, "0.9.0", "68187a2daddfabbe7ca8f7d75ef227f89f0e1507f7eecb67e4536b3c516faddb", [:mix], [{:hackney, "~> 1.6.0", [hex: :hackney, optional: false]}]},
  "idna": {:hex, :idna, "1.2.0", "ac62ee99da068f43c50dc69acf700e03a62a348360126260e87f2b54eced86b2", [:rebar3], []},
  "inflex": {:hex, :inflex, "1.0.0", "da56d5d6446c66730fa08a3d4db03b224787ab3e5c47cb2a1119e92f8af5d560", [:mix], []},
  "metrics": {:hex, :metrics, "1.0.1", "25f094dea2cda98213cecc3aeff09e940299d950904393b2a29d191c346a8486", [:rebar3], []},
  "mime": {:hex, :mime, "1.0.1", "05c393850524767d13a53627df71beeebb016205eb43bfbd92d14d24ec7a1b51", [:mix], []},
  "mimerl": {:hex, :mimerl, "1.0.2", "993f9b0e084083405ed8252b99460c4f0563e41729ab42d9074fd5e52439be88", [:rebar3], []},
  "nerves": {:hex, :nerves, "0.3.4", "7de99513f2775633e2db00acbf7437c55bd132f19b7406814f50818702b381b5", [:mix], [{:exrm, "~> 1.0.6", [hex: :exrm, optional: false]}]},
  "nerves_interim_wifi": {:hex, :nerves_interim_wifi, "0.0.2", "51c51578fc0a5d929a8ea26d54e6f470bcca24762742473cb44be3a622458a98", [:mix, :make], [{:elixir_make, "~> 0.3", [hex: :elixir_make, optional: false]}, {:nerves_network_interface, "~> 0.3.1", [hex: :nerves_network_interface, optional: false]}, {:nerves_wpa_supplicant, "~> 0.2.2", [hex: :nerves_wpa_supplicant, optional: false]}]},
  "nerves_network_interface": {:hex, :nerves_network_interface, "0.3.2", "e7450f7eccd7387ceebee6096a0646bcdc0dd4aa77077e5fa81f6767da9b77af", [:mix, :make], [{:elixir_make, "~> 0.3", [hex: :elixir_make, optional: false]}]},
  "nerves_system": {:hex, :nerves_system, "0.1.5", "3b523a49eb6c0f49239d1354b772d824be9d62be13651fe2878a9ba5ffd737b0", [:mix], [{:porcelain, "~> 2.0", [hex: :porcelain, optional: false]}]},
  "nerves_system_br": {:hex, :nerves_system_br, "0.6.1", "c3f0d07bf0919a5065cf4d34c42656595a7a30109624ea3ddda315882d6ce54a", [:mix], []},
  "nerves_system_rpi": {:hex, :nerves_system_rpi, "0.6.1", "c8b9aef37c532223b5c21df3103b59ea170ebe47d11f112cbb6fb1455cdeacee", [:mix], [{:nerves_system, "~> 0.1.4", [hex: :nerves_system, optional: false]}, {:nerves_system_br, "~> 0.6.1", [hex: :nerves_system_br, optional: false]}, {:nerves_toolchain_armv6_rpi_linux_gnueabi, "~> 0.6.1", [hex: :nerves_toolchain_armv6_rpi_linux_gnueabi, optional: false]}]},
  "nerves_toolchain": {:hex, :nerves_toolchain, "0.6.3", "c592ea6a189504b1c130510a3c5c2aaf8b73c994628b43d0195544d718c04fb3", [:mix], []},
  "nerves_toolchain_armv6_rpi_linux_gnueabi": {:hex, :nerves_toolchain_armv6_rpi_linux_gnueabi, "0.6.1", "4c026a70f3c2d0265ce8f718c74bb8aec480a0fc1dbc93d6503fd8269f3187a9", [:mix], [{:nerves_toolchain, "~> 0.6.1", [hex: :nerves_toolchain, optional: false]}]},
  "nerves_wpa_supplicant": {:hex, :nerves_wpa_supplicant, "0.2.2", "da829baec94a8afa7da3a6beaaf1725b9ca7f5f58779ba50b73568b7d37d3d98", [:mix, :make], [{:elixir_make, "~> 0.3", [hex: :elixir_make, optional: false]}]},
  "phoenix": {:hex, :phoenix, "1.2.1", "6dc592249ab73c67575769765b66ad164ad25d83defa3492dc6ae269bd2a68ab", [:mix], [{:cowboy, "~> 1.0", [hex: :cowboy, optional: true]}, {:phoenix_pubsub, "~> 1.0", [hex: :phoenix_pubsub, optional: false]}, {:plug, "~> 1.1", [hex: :plug, optional: false]}, {:poison, "~> 1.5 or ~> 2.0", [hex: :poison, optional: false]}]},
  "phoenix_html": {:hex, :phoenix_html, "2.6.2", "944a5e581b0d899e4f4c838a69503ebd05300fe35ba228a74439e6253e10e0c0", [:mix], [{:plug, "~> 1.0", [hex: :plug, optional: false]}]},
  "phoenix_live_reload": {:hex, :phoenix_live_reload, "1.0.5", "829218c4152ba1e9848e2bf8e161fcde6b4ec679a516259442561d21fde68d0b", [:mix], [{:fs, "~> 0.9.1", [hex: :fs, optional: false]}, {:phoenix, "~> 1.0 or ~> 1.2-rc", [hex: :phoenix, optional: false]}]},
  "phoenix_pubsub": {:hex, :phoenix_pubsub, "1.0.0", "c31af4be22afeeebfaf246592778c8c840e5a1ddc7ca87610c41ccfb160c2c57", [:mix], []},
  "plug": {:hex, :plug, "1.2.0", "496bef96634a49d7803ab2671482f0c5ce9ce0b7b9bc25bc0ae8e09859dd2004", [:mix], [{:cowboy, "~> 1.0", [hex: :cowboy, optional: true]}, {:mime, "~> 1.0", [hex: :mime, optional: false]}]},
  "poison": {:hex, :poison, "1.5.2", "560bdfb7449e3ddd23a096929fb9fc2122f709bcc758b2d5d5a5c7d0ea848910", [:mix], []},
  "porcelain": {:hex, :porcelain, "2.0.1", "9c3db2b47d8cf6879c0d9ac79db8657333974a88faff09e856569e00c1b5e119", [:mix], []},
  "providers": {:hex, :providers, "1.6.0", "db0e2f9043ae60c0155205fcd238d68516331d0e5146155e33d1e79dc452964a", [:rebar3], [{:getopt, "0.8.2", [hex: :getopt, optional: false]}]},
  "ranch": {:hex, :ranch, "1.2.1", "a6fb992c10f2187b46ffd17ce398ddf8a54f691b81768f9ef5f461ea7e28c762", [:make], []},
  "relx": {:hex, :relx, "3.20.0", "b515b8317d25b3a1508699294c3d1fa6dc0527851dffc87446661bce21a36710", [:rebar3], [{:bbmustache, "1.0.4", [hex: :bbmustache, optional: false]}, {:cf, "0.2.1", [hex: :cf, optional: false]}, {:erlware_commons, "0.21.0", [hex: :erlware_commons, optional: false]}, {:getopt, "0.8.2", [hex: :getopt, optional: false]}, {:providers, "1.6.0", [hex: :providers, optional: false]}]},
  "restarter": {:hex, :restarter, "0.1.0", "ac94a8eb8358ccd879365ab2372b062e77cd750434406058bac706e8ee47181b", [:mix], []},
  "slacker": {:hex, :slacker, "0.0.3", "e6a89a0219320ef56b88f9b7558c6385254197c5936174c15bf78b068a7567e5", [:mix], [{:httpoison, "~> 0.9", [hex: :httpoison, optional: false]}, {:inflex, "~> 1.0.0", [hex: :inflex, optional: false]}, {:poison, "~> 1.4", [hex: :poison, optional: false]}]},
  "ssl_verify_fun": {:hex, :ssl_verify_fun, "1.1.0", "edee20847c42e379bf91261db474ffbe373f8acb56e9079acb6038d4e0bf414f", [:rebar, :make], []},
  "websocket_client": {:git, "https://github.com/jeremyong/websocket_client.git", "f6892c8b55004008ce2d52be7d98b156f3e34569", []}}
